{
  "name": "@fi4f/yggy",
  "version": "0.0.7",
  "lockfileVersion": 3,
  "requires": true,
  "packages": {
    "": {
      "name": "@fi4f/yggy",
      "version": "0.0.7",
      "license": "ISC",
      "dependencies": {
        "@fi4f/v": "^1.1.1",
        "lodash": "^4.17.21"
      },
      "devDependencies": {
        "@types/lodash": "^4.17.13",
        "typescript": "^5.6.3"
      }
    },
    "node_modules/@fi4f/v": {
      "version": "1.1.1",
      "license": "ISC"
    },
    "node_modules/@types/lodash": {
      "version": "4.17.14",
      "dev": true,
      "license": "MIT"
    },
    "node_modules/lodash": {
      "version": "4.17.21",
      "license": "MIT"
    },
    "node_modules/typescript": {
      "version": "5.8.3",
      "resolved": "https://registry.npmjs.org/typescript/-/typescript-5.8.3.tgz",
      "integrity": "sha512-p1diW6TqL9L07nNxvRMM7hMMw4c5XOo/1ibL4aAIGmSAt9slTE1Xgw5KWuof2uTOvCg9BY7ZRi+GaF+7sfgPeQ==",
      "dev": true,
      "bin": {
        "tsc": "bin/tsc",
        "tsserver": "bin/tsserver"
      },
      "engines": {
        "node": ">=14.17"
      }
    }
  }
}
