{
  "name": "@fi4f/yggy",
  "version": "0.1.0",
  "lockfileVersion": 3,
  "requires": true,
  "packages": {
    "": {
      "name": "@fi4f/yggy",
      "version": "0.1.0",
      "license": "ISC",
      "dependencies": {
        "@fi4f/id": "^0.1.2",
        "@fi4f/v": "^2.0.2"
      },
      "devDependencies": {
        "typescript": "^5.6.3"
      }
    },
    "node_modules/@fi4f/id": {
      "version": "0.1.2",
      "resolved": "https://registry.npmjs.org/@fi4f/id/-/id-0.1.2.tgz",
      "integrity": "sha512-6YYpl6fZnqXv9XYorlvDOopolNH0krddE2OPQFUQ/uNO+Yf11vXevfOd12Dk00gRxtoPQpT/PclrdBuq364u7Q==",
      "license": "ISC",
      "dependencies": {
        "@fi4f/v": "^2.0.1"
      }
    },
    "node_modules/@fi4f/v": {
      "version": "2.0.2",
      "resolved": "https://registry.npmjs.org/@fi4f/v/-/v-2.0.2.tgz",
      "integrity": "sha512-7UVr+7G67T0vCYs9MSgpi/rnn+ZzbEiCWw+NrOLSjgGVvrUitqfzd1eIEgw4u3BVu6OSTrAWqxE/a+a0IFm4xg==",
      "license": "ISC"
    },
    "node_modules/typescript": {
      "version": "5.8.3",
      "resolved": "https://registry.npmjs.org/typescript/-/typescript-5.8.3.tgz",
      "integrity": "sha512-p1diW6TqL9L07nNxvRMM7hMMw4c5XOo/1ibL4aAIGmSAt9slTE1Xgw5KWuof2uTOvCg9BY7ZRi+GaF+7sfgPeQ==",
      "dev": true,
      "bin": {
        "tsc": "bin/tsc",
        "tsserver": "bin/tsserver"
      },
      "engines": {
        "node": ">=14.17"
      }
    }
  }
}
